
Microsoft Visual Studio Solution File, Format Version 12.00
# Visual Studio Version 16
VisualStudioVersion = 16.0.33130.400
MinimumVisualStudioVersion = 10.0.40219.1
Project("{FAE04EC0-301F-11D3-BF4B-00C04F79EFBC}") = "TableDatabase", "TableDatabase\TableDatabase.csproj", "{23B37497-0BB3-481E-9B8B-BA62F8544518}"
EndProject
Global
	GlobalSection(SolutionConfigurationPlatforms) = preSolution
		Debug|Any CPU = Debug|Any CPU
		Release|Any CPU = Release|Any CPU
	EndGlobalSection
	GlobalSection(ProjectConfigurationPlatforms) = postSolution
		{23B37497-0BB3-481E-9B8B-BA62F8544518}.Debug|Any CPU.ActiveCfg = Debug|Any CPU
		{23B37497-0BB3-481E-9B8B-BA62F8544518}.Debug|Any CPU.Build.0 = Debug|Any CPU
		{23B37497-0BB3-481E-9B8B-BA62F8544518}.Release|Any CPU.ActiveCfg = Release|Any CPU
		{23B37497-0BB3-481E-9B8B-BA62F8544518}.Release|Any CPU.Build.0 = Release|Any CPU
	EndGlobalSection
	GlobalSection(SolutionProperties) = preSolution
		HideSolutionNode = FALSE
	EndGlobalSection
	GlobalSection(ExtensibilityGlobals) = postSolution
		SolutionGuid = {582F4B7B-CF03-48F7-8432-1D6A1A57F28F}
	EndGlobalSection
EndGlobal
